
Microsoft Visual Studio Solution File, Format Version 12.00
# Visual Studio Version 17
VisualStudioVersion = 17.10.34928.147
MinimumVisualStudioVersion = 10.0.40219.1
Project("{FAE04EC0-301F-11D3-BF4B-00C04F79EFBC}") = "PowerPointTime", "PowerPointTime\PowerPointTime.csproj", "{DD9895CA-C57F-45F2-8333-B5BED983297D}"
EndProject
Global
	GlobalSection(SolutionConfigurationPlatforms) = preSolution
		Debug|Any CPU = Debug|Any CPU
		Release|Any CPU = Release|Any CPU
	EndGlobalSection
	GlobalSection(ProjectConfigurationPlatforms) = postSolution
		{DD9895CA-C57F-45F2-8333-B5BED983297D}.Debug|Any CPU.ActiveCfg = Debug|Any CPU
		{DD9895CA-C57F-45F2-8333-B5BED983297D}.Debug|Any CPU.Build.0 = Debug|Any CPU
		{DD9895CA-C57F-45F2-8333-B5BED983297D}.Release|Any CPU.ActiveCfg = Release|Any CPU
		{DD9895CA-C57F-45F2-8333-B5BED983297D}.Release|Any CPU.Build.0 = Release|Any CPU
	EndGlobalSection
	GlobalSection(SolutionProperties) = preSolution
		HideSolutionNode = FALSE
	EndGlobalSection
	GlobalSection(ExtensibilityGlobals) = postSolution
		SolutionGuid = {50CC5FA9-4F25-4DB7-83D1-12F83F1FB168}
	EndGlobalSection
EndGlobal
